
Microsoft Visual Studio Solution File, Format Version 12.00
# Visual Studio Version 17
VisualStudioVersion = 17.2.32602.215
MinimumVisualStudioVersion = 10.0.40219.1
Project("{2150E333-8FDC-42A3-9474-1A3956D46DE8}") = "Capas", "Capas", "{DF3D4090-7ACF-4332-8563-1AB62CBC0863}"
EndProject
Project("{2150E333-8FDC-42A3-9474-1A3956D46DE8}") = "1.Presentacion", "1.Presentacion", "{8EC366AE-38D6-4147-919C-3AA464B31D17}"
EndProject
Project("{2150E333-8FDC-42A3-9474-1A3956D46DE8}") = "2.Servicios", "2.Servicios", "{4BD61375-76CE-43AB-90D8-E4943915F906}"
EndProject
Project("{2150E333-8FDC-42A3-9474-1A3956D46DE8}") = "3.Dominio", "3.Dominio", "{EF85219E-29CA-4DB2-8C91-03E0C9E9170B}"
EndProject
Project("{2150E333-8FDC-42A3-9474-1A3956D46DE8}") = "4.Infraestructura", "4.Infraestructura", "{DBD9E1E7-48D6-47CA-A41D-9EFFB903139D}"
EndProject
Project("{2150E333-8FDC-42A3-9474-1A3956D46DE8}") = "Web", "Web", "{F577381E-EB38-4845-9431-E6A62894AAD7}"
EndProject
Project("{2150E333-8FDC-42A3-9474-1A3956D46DE8}") = "ASP.NET MVC", "ASP.NET MVC", "{C2B786E4-8A3B-4C23-8819-E6D2055211E1}"
EndProject
Project("{2150E333-8FDC-42A3-9474-1A3956D46DE8}") = "Core", "Core", "{9F09FC25-9CDE-4144-AA43-D224DDB2881E}"
EndProject
Project("{2150E333-8FDC-42A3-9474-1A3956D46DE8}") = "MainModule", "MainModule", "{82743CFA-EDFA-488C-8038-514ACE6B9D6D}"
EndProject
Project("{2150E333-8FDC-42A3-9474-1A3956D46DE8}") = "Data", "Data", "{4C9CC900-917D-4511-8245-6904AE500C1A}"
EndProject
Project("{FAE04EC0-301F-11D3-BF4B-00C04F79EFBC}") = "Dominio.Core.Entities", "Dominio.Core.Entities\Dominio.Core.Entities.csproj", "{9F542045-9D1A-4E7E-9595-F9C75EBA6E68}"
EndProject
Project("{FAE04EC0-301F-11D3-BF4B-00C04F79EFBC}") = "Dominio.MainModule", "Dominio.MainModule\Dominio.MainModule.csproj", "{6FA840F2-E05B-488B-8242-EFB9CD5FD2D3}"
EndProject
Project("{FAE04EC0-301F-11D3-BF4B-00C04F79EFBC}") = "Infraestructura.Data.SQLServer", "Infraestructura.Data.SQLServer\Infraestructura.Data.SQLServer.csproj", "{227F5651-99F0-4861-BF17-D0CD23ED3061}"
EndProject
Project("{FAE04EC0-301F-11D3-BF4B-00C04F79EFBC}") = "Presentacion.BDRentCar", "Presentacion.BDRentCar\Presentacion.BDRentCar.csproj", "{C7B52FC2-6511-4C1E-906E-00C9237EB933}"
EndProject
Global
	GlobalSection(SolutionConfigurationPlatforms) = preSolution
		Debug|Any CPU = Debug|Any CPU
		Release|Any CPU = Release|Any CPU
	EndGlobalSection
	GlobalSection(ProjectConfigurationPlatforms) = postSolution
		{9F542045-9D1A-4E7E-9595-F9C75EBA6E68}.Debug|Any CPU.ActiveCfg = Debug|Any CPU
		{9F542045-9D1A-4E7E-9595-F9C75EBA6E68}.Debug|Any CPU.Build.0 = Debug|Any CPU
		{9F542045-9D1A-4E7E-9595-F9C75EBA6E68}.Release|Any CPU.ActiveCfg = Release|Any CPU
		{9F542045-9D1A-4E7E-9595-F9C75EBA6E68}.Release|Any CPU.Build.0 = Release|Any CPU
		{6FA840F2-E05B-488B-8242-EFB9CD5FD2D3}.Debug|Any CPU.ActiveCfg = Debug|Any CPU
		{6FA840F2-E05B-488B-8242-EFB9CD5FD2D3}.Debug|Any CPU.Build.0 = Debug|Any CPU
		{6FA840F2-E05B-488B-8242-EFB9CD5FD2D3}.Release|Any CPU.ActiveCfg = Release|Any CPU
		{6FA840F2-E05B-488B-8242-EFB9CD5FD2D3}.Release|Any CPU.Build.0 = Release|Any CPU
		{227F5651-99F0-4861-BF17-D0CD23ED3061}.Debug|Any CPU.ActiveCfg = Debug|Any CPU
		{227F5651-99F0-4861-BF17-D0CD23ED3061}.Debug|Any CPU.Build.0 = Debug|Any CPU
		{227F5651-99F0-4861-BF17-D0CD23ED3061}.Release|Any CPU.ActiveCfg = Release|Any CPU
		{227F5651-99F0-4861-BF17-D0CD23ED3061}.Release|Any CPU.Build.0 = Release|Any CPU
		{C7B52FC2-6511-4C1E-906E-00C9237EB933}.Debug|Any CPU.ActiveCfg = Debug|Any CPU
		{C7B52FC2-6511-4C1E-906E-00C9237EB933}.Debug|Any CPU.Build.0 = Debug|Any CPU
		{C7B52FC2-6511-4C1E-906E-00C9237EB933}.Release|Any CPU.ActiveCfg = Release|Any CPU
		{C7B52FC2-6511-4C1E-906E-00C9237EB933}.Release|Any CPU.Build.0 = Release|Any CPU
	EndGlobalSection
	GlobalSection(SolutionProperties) = preSolution
		HideSolutionNode = FALSE
	EndGlobalSection
	GlobalSection(NestedProjects) = preSolution
		{8EC366AE-38D6-4147-919C-3AA464B31D17} = {DF3D4090-7ACF-4332-8563-1AB62CBC0863}
		{4BD61375-76CE-43AB-90D8-E4943915F906} = {DF3D4090-7ACF-4332-8563-1AB62CBC0863}
		{EF85219E-29CA-4DB2-8C91-03E0C9E9170B} = {DF3D4090-7ACF-4332-8563-1AB62CBC0863}
		{DBD9E1E7-48D6-47CA-A41D-9EFFB903139D} = {DF3D4090-7ACF-4332-8563-1AB62CBC0863}
		{F577381E-EB38-4845-9431-E6A62894AAD7} = {8EC366AE-38D6-4147-919C-3AA464B31D17}
		{C2B786E4-8A3B-4C23-8819-E6D2055211E1} = {F577381E-EB38-4845-9431-E6A62894AAD7}
		{9F09FC25-9CDE-4144-AA43-D224DDB2881E} = {EF85219E-29CA-4DB2-8C91-03E0C9E9170B}
		{82743CFA-EDFA-488C-8038-514ACE6B9D6D} = {EF85219E-29CA-4DB2-8C91-03E0C9E9170B}
		{4C9CC900-917D-4511-8245-6904AE500C1A} = {DBD9E1E7-48D6-47CA-A41D-9EFFB903139D}
		{9F542045-9D1A-4E7E-9595-F9C75EBA6E68} = {9F09FC25-9CDE-4144-AA43-D224DDB2881E}
		{6FA840F2-E05B-488B-8242-EFB9CD5FD2D3} = {82743CFA-EDFA-488C-8038-514ACE6B9D6D}
		{227F5651-99F0-4861-BF17-D0CD23ED3061} = {4C9CC900-917D-4511-8245-6904AE500C1A}
		{C7B52FC2-6511-4C1E-906E-00C9237EB933} = {C2B786E4-8A3B-4C23-8819-E6D2055211E1}
	EndGlobalSection
	GlobalSection(ExtensibilityGlobals) = postSolution
		SolutionGuid = {4504D9C0-2C3E-4E47-91DD-F8451043DD1A}
	EndGlobalSection
EndGlobal
